Microsoft Visual Studio Solution File, Format Version 12.00
# Visual Studio 2012
Project("{FAE04EC0-301F-11D3-BF4B-00C04F79EFBC}") = "[KG2025_2B_001_D4_2023]_ETS", "[KG2025_2B_001_D4_2023]_ETS.csproj", "{B72BD6B9-6B45-485E-99DD-AB0D170FDFA3}"
EndProject
Global
	GlobalSection(SolutionConfigurationPlatforms) = preSolution
	Debug|Any CPU = Debug|Any CPU
	ExportDebug|Any CPU = ExportDebug|Any CPU
	ExportRelease|Any CPU = ExportRelease|Any CPU
	EndGlobalSection
	GlobalSection(ProjectConfigurationPlatforms) = postSolution
		{B72BD6B9-6B45-485E-99DD-AB0D170FDFA3}.Debug|Any CPU.ActiveCfg = Debug|Any CPU
		{B72BD6B9-6B45-485E-99DD-AB0D170FDFA3}.Debug|Any CPU.Build.0 = Debug|Any CPU
		{B72BD6B9-6B45-485E-99DD-AB0D170FDFA3}.ExportDebug|Any CPU.ActiveCfg = ExportDebug|Any CPU
		{B72BD6B9-6B45-485E-99DD-AB0D170FDFA3}.ExportDebug|Any CPU.Build.0 = ExportDebug|Any CPU
		{B72BD6B9-6B45-485E-99DD-AB0D170FDFA3}.ExportRelease|Any CPU.ActiveCfg = ExportRelease|Any CPU
		{B72BD6B9-6B45-485E-99DD-AB0D170FDFA3}.ExportRelease|Any CPU.Build.0 = ExportRelease|Any CPU
	EndGlobalSection
EndGlobal
